
Microsoft Visual Studio Solution File, Format Version 12.00
# Visual Studio Version 17
VisualStudioVersion = 17.2.32630.192
MinimumVisualStudioVersion = 10.0.40219.1
Project("{FAE04EC0-301F-11D3-BF4B-00C04F79EFBC}") = "ConsoleTestApp", "ConsoleTestApp\ConsoleTestApp.csproj", "{0A585E2E-A82F-4AAC-83B8-4E13A588C449}"
EndProject
Project("{FAE04EC0-301F-11D3-BF4B-00C04F79EFBC}") = "H.EnterpriseWechatInterface", "IEnterpriseWechatInterface\H.EnterpriseWechatInterface.csproj", "{E551CA27-237A-4F76-A074-03096366026B}"
EndProject
Project("{FAE04EC0-301F-11D3-BF4B-00C04F79EFBC}") = "H.Logger", "Logger\H.Logger.csproj", "{47DB71AA-8513-4DC3-AD39-70441D70FC92}"
EndProject
Global
	GlobalSection(SolutionConfigurationPlatforms) = preSolution
		Debug|Any CPU = Debug|Any CPU
		Release|Any CPU = Release|Any CPU
	EndGlobalSection
	GlobalSection(ProjectConfigurationPlatforms) = postSolution
		{0A585E2E-A82F-4AAC-83B8-4E13A588C449}.Debug|Any CPU.ActiveCfg = Debug|Any CPU
		{0A585E2E-A82F-4AAC-83B8-4E13A588C449}.Debug|Any CPU.Build.0 = Debug|Any CPU
		{0A585E2E-A82F-4AAC-83B8-4E13A588C449}.Release|Any CPU.ActiveCfg = Release|Any CPU
		{0A585E2E-A82F-4AAC-83B8-4E13A588C449}.Release|Any CPU.Build.0 = Release|Any CPU
		{E551CA27-237A-4F76-A074-03096366026B}.Debug|Any CPU.ActiveCfg = Debug|Any CPU
		{E551CA27-237A-4F76-A074-03096366026B}.Debug|Any CPU.Build.0 = Debug|Any CPU
		{E551CA27-237A-4F76-A074-03096366026B}.Release|Any CPU.ActiveCfg = Release|Any CPU
		{E551CA27-237A-4F76-A074-03096366026B}.Release|Any CPU.Build.0 = Release|Any CPU
		{47DB71AA-8513-4DC3-AD39-70441D70FC92}.Debug|Any CPU.ActiveCfg = Debug|Any CPU
		{47DB71AA-8513-4DC3-AD39-70441D70FC92}.Debug|Any CPU.Build.0 = Debug|Any CPU
		{47DB71AA-8513-4DC3-AD39-70441D70FC92}.Release|Any CPU.ActiveCfg = Release|Any CPU
		{47DB71AA-8513-4DC3-AD39-70441D70FC92}.Release|Any CPU.Build.0 = Release|Any CPU
	EndGlobalSection
	GlobalSection(SolutionProperties) = preSolution
		HideSolutionNode = FALSE
	EndGlobalSection
	GlobalSection(ExtensibilityGlobals) = postSolution
		SolutionGuid = {F425DF83-C463-4EEA-9A38-67E3709888FF}
	EndGlobalSection
EndGlobal
